
Microsoft Visual Studio Solution File, Format Version 12.00
# Visual Studio Version 17
VisualStudioVersion = 17.14.36518.9
MinimumVisualStudioVersion = 10.0.40219.1
Project("{FAE04EC0-301F-11D3-BF4B-00C04F79EFBC}") = "SVG_Editor", "SVG_Editor\SVG_Editor.csproj", "{A55EB2EF-F988-4547-93A2-A5CE5CEDB804}"
EndProject
Project("{FAE04EC0-301F-11D3-BF4B-00C04F79EFBC}") = "SVG_Editor.Tests", "SVG_Editor.Tests\SVG_Editor.Tests.csproj", "{3B821C18-712E-4263-BDCF-7D9B5681C7DD}"
EndProject
Global
	GlobalSection(SolutionConfigurationPlatforms) = preSolution
		Debug|Any CPU = Debug|Any CPU
		Release|Any CPU = Release|Any CPU
	EndGlobalSection
	GlobalSection(ProjectConfigurationPlatforms) = postSolution
		{A55EB2EF-F988-4547-93A2-A5CE5CEDB804}.Debug|Any CPU.ActiveCfg = Debug|Any CPU
		{A55EB2EF-F988-4547-93A2-A5CE5CEDB804}.Debug|Any CPU.Build.0 = Debug|Any CPU
		{A55EB2EF-F988-4547-93A2-A5CE5CEDB804}.Release|Any CPU.ActiveCfg = Release|Any CPU
		{A55EB2EF-F988-4547-93A2-A5CE5CEDB804}.Release|Any CPU.Build.0 = Release|Any CPU
		{3B821C18-712E-4263-BDCF-7D9B5681C7DD}.Debug|Any CPU.ActiveCfg = Debug|Any CPU
		{3B821C18-712E-4263-BDCF-7D9B5681C7DD}.Debug|Any CPU.Build.0 = Debug|Any CPU
		{3B821C18-712E-4263-BDCF-7D9B5681C7DD}.Release|Any CPU.ActiveCfg = Release|Any CPU
		{3B821C18-712E-4263-BDCF-7D9B5681C7DD}.Release|Any CPU.Build.0 = Release|Any CPU
	EndGlobalSection
	GlobalSection(SolutionProperties) = preSolution
		HideSolutionNode = FALSE
	EndGlobalSection
	GlobalSection(ExtensibilityGlobals) = postSolution
		SolutionGuid = {AA132BBF-AB8E-43D2-9767-57B698166261}
	EndGlobalSection
EndGlobal
